
Microsoft Visual Studio Solution File, Format Version 12.00
# Visual Studio Version 16
VisualStudioVersion = 16.0.29911.84
MinimumVisualStudioVersion = 10.0.40219.1
Project("{2150E333-8FDC-42A3-9474-1A3956D46DE8}") = "Solution Items", "Solution Items", "{C8B3C22E-2C66-43E1-B1C3-71E7A384B2C2}"
	ProjectSection(SolutionItems) = preProject
		.editorconfig = .editorconfig
		CHANGELOG.md = CHANGELOG.md
		CONTRIBUTING.md = CONTRIBUTING.md
		src\CustomDictionary.xml = src\CustomDictionary.xml
		README.md = README.md
		.gitignore = .gitignore
		LICENSE = LICENSE
	EndProjectSection
EndProject
Project("{9A19103F-16F7-4668-BE54-9A1E7A4F7556}") = "NodaMoney", "src\NodaMoney\NodaMoney.csproj", "{58F0FE5E-E139-4ABF-B9A5-969DBBE69F52}"
EndProject
Project("{9A19103F-16F7-4668-BE54-9A1E7A4F7556}") = "NodaMoney.Tests", "tests\NodaMoney.Tests\NodaMoney.Tests.csproj", "{CC01DEB3-F862-49A1-9EB5-50A4E52B82E7}"
EndProject
Project("{9A19103F-16F7-4668-BE54-9A1E7A4F7556}") = "_build", "build\_build.csproj", "{324D342A-2588-4422-AFB1-FA0359EE825D}"
EndProject
Project("{FAE04EC0-301F-11D3-BF4B-00C04F79EFBC}") = "Benchmark", "tests\Benchmark\Benchmark.csproj", "{ED4F3523-DACF-4C96-B667-CFA95356A5AB}"
EndProject
Project("{2150E333-8FDC-42A3-9474-1A3956D46DE8}") = "workflows", "workflows", "{8EFA3915-79C6-47AA-AA26-B1EDB108430E}"
EndProject
Project("{2150E333-8FDC-42A3-9474-1A3956D46DE8}") = "src", "src", "{7767FAB7-EC39-44C0-BD05-9F26BEDD63FD}"
EndProject
Project("{2150E333-8FDC-42A3-9474-1A3956D46DE8}") = "tests", "tests", "{406EA715-165C-45D8-A3C4-FB9C5AF90C62}"
EndProject
Global
	GlobalSection(SolutionConfigurationPlatforms) = preSolution
		Debug|Any CPU = Debug|Any CPU
		Release|Any CPU = Release|Any CPU
	EndGlobalSection
	GlobalSection(ProjectConfigurationPlatforms) = postSolution
		{58F0FE5E-E139-4ABF-B9A5-969DBBE69F52}.Debug|Any CPU.ActiveCfg = Debug|Any CPU
		{58F0FE5E-E139-4ABF-B9A5-969DBBE69F52}.Debug|Any CPU.Build.0 = Debug|Any CPU
		{58F0FE5E-E139-4ABF-B9A5-969DBBE69F52}.Debug|Any CPU.Deploy.0 = Debug|Any CPU
		{58F0FE5E-E139-4ABF-B9A5-969DBBE69F52}.Release|Any CPU.ActiveCfg = Release|Any CPU
		{58F0FE5E-E139-4ABF-B9A5-969DBBE69F52}.Release|Any CPU.Build.0 = Release|Any CPU
		{CC01DEB3-F862-49A1-9EB5-50A4E52B82E7}.Debug|Any CPU.ActiveCfg = Debug|Any CPU
		{CC01DEB3-F862-49A1-9EB5-50A4E52B82E7}.Debug|Any CPU.Build.0 = Debug|Any CPU
		{CC01DEB3-F862-49A1-9EB5-50A4E52B82E7}.Release|Any CPU.ActiveCfg = Release|Any CPU
		{CC01DEB3-F862-49A1-9EB5-50A4E52B82E7}.Release|Any CPU.Build.0 = Release|Any CPU
		{324D342A-2588-4422-AFB1-FA0359EE825D}.Debug|Any CPU.ActiveCfg = Debug|Any CPU
		{324D342A-2588-4422-AFB1-FA0359EE825D}.Release|Any CPU.ActiveCfg = Release|Any CPU
		{ED4F3523-DACF-4C96-B667-CFA95356A5AB}.Debug|Any CPU.ActiveCfg = Debug|Any CPU
		{ED4F3523-DACF-4C96-B667-CFA95356A5AB}.Debug|Any CPU.Build.0 = Debug|Any CPU
		{ED4F3523-DACF-4C96-B667-CFA95356A5AB}.Release|Any CPU.ActiveCfg = Release|Any CPU
		{ED4F3523-DACF-4C96-B667-CFA95356A5AB}.Release|Any CPU.Build.0 = Release|Any CPU
	EndGlobalSection
	GlobalSection(SolutionProperties) = preSolution
		HideSolutionNode = FALSE
	EndGlobalSection
	GlobalSection(ExtensibilityGlobals) = postSolution
		SolutionGuid = {67B5C6E9-63D4-4510-9C95-AAA5BBFF8E11}
	EndGlobalSection
	GlobalSection(NestedProjects) = preSolution
		{ED4F3523-DACF-4C96-B667-CFA95356A5AB} = {406EA715-165C-45D8-A3C4-FB9C5AF90C62}
		{CC01DEB3-F862-49A1-9EB5-50A4E52B82E7} = {406EA715-165C-45D8-A3C4-FB9C5AF90C62}
		{58F0FE5E-E139-4ABF-B9A5-969DBBE69F52} = {7767FAB7-EC39-44C0-BD05-9F26BEDD63FD}
	EndGlobalSection
EndGlobal
