
Microsoft Visual Studio Solution File, Format Version 12.00
# Visual Studio 14
VisualStudioVersion = 14.0.25420.1
MinimumVisualStudioVersion = 10.0.40219.1
Project("{2150E333-8FDC-42A3-9474-1A3956D46DE8}") = "Solution Items", "Solution Items", "{C8B3C22E-2C66-43E1-B1C3-71E7A384B2C2}"
	ProjectSection(SolutionItems) = preProject
		src\CustomDictionary.xml = src\CustomDictionary.xml
		build\default.ps1 = build\default.ps1
		global.json = global.json
		src\GlobalAssemblyInfo.cs = src\GlobalAssemblyInfo.cs
	EndProjectSection
EndProject
Project("{8BB2217D-0F2D-49D1-97BC-3654ED321F3B}") = "NodaMoney", "src\NodaMoney\NodaMoney.xproj", "{58F0FE5E-E139-4ABF-B9A5-969DBBE69F52}"
EndProject
Project("{8BB2217D-0F2D-49D1-97BC-3654ED321F3B}") = "NodaMoney.Serialization.AspNet", "src\NodaMoney.Serialization.AspNet\NodaMoney.Serialization.AspNet.xproj", "{6BBD36B9-D035-4A5D-8770-CC7E30B636A6}"
EndProject
Project("{8BB2217D-0F2D-49D1-97BC-3654ED321F3B}") = "NodaMoney.Serialization.AspNet.Tests", "tests\NodaMoney.Serialization.AspNet.Tests\NodaMoney.Serialization.AspNet.Tests.xproj", "{A383F236-D56E-4169-BC35-258F09030211}"
EndProject
Project("{8BB2217D-0F2D-49D1-97BC-3654ED321F3B}") = "NodaMoney.Tests", "tests\NodaMoney.Tests\NodaMoney.Tests.xproj", "{CC01DEB3-F862-49A1-9EB5-50A4E52B82E7}"
EndProject
Global
	GlobalSection(SolutionConfigurationPlatforms) = preSolution
		Debug|Any CPU = Debug|Any CPU
		Release|Any CPU = Release|Any CPU
	EndGlobalSection
	GlobalSection(ProjectConfigurationPlatforms) = postSolution
		{58F0FE5E-E139-4ABF-B9A5-969DBBE69F52}.Debug|Any CPU.ActiveCfg = Debug|Any CPU
		{58F0FE5E-E139-4ABF-B9A5-969DBBE69F52}.Debug|Any CPU.Build.0 = Debug|Any CPU
		{58F0FE5E-E139-4ABF-B9A5-969DBBE69F52}.Debug|Any CPU.Deploy.0 = Debug|Any CPU
		{58F0FE5E-E139-4ABF-B9A5-969DBBE69F52}.Release|Any CPU.ActiveCfg = Release|Any CPU
		{58F0FE5E-E139-4ABF-B9A5-969DBBE69F52}.Release|Any CPU.Build.0 = Release|Any CPU
		{6BBD36B9-D035-4A5D-8770-CC7E30B636A6}.Debug|Any CPU.ActiveCfg = Debug|Any CPU
		{6BBD36B9-D035-4A5D-8770-CC7E30B636A6}.Debug|Any CPU.Build.0 = Debug|Any CPU
		{6BBD36B9-D035-4A5D-8770-CC7E30B636A6}.Release|Any CPU.ActiveCfg = Release|Any CPU
		{6BBD36B9-D035-4A5D-8770-CC7E30B636A6}.Release|Any CPU.Build.0 = Release|Any CPU
		{A383F236-D56E-4169-BC35-258F09030211}.Debug|Any CPU.ActiveCfg = Debug|Any CPU
		{A383F236-D56E-4169-BC35-258F09030211}.Debug|Any CPU.Build.0 = Debug|Any CPU
		{A383F236-D56E-4169-BC35-258F09030211}.Release|Any CPU.ActiveCfg = Release|Any CPU
		{A383F236-D56E-4169-BC35-258F09030211}.Release|Any CPU.Build.0 = Release|Any CPU
		{CC01DEB3-F862-49A1-9EB5-50A4E52B82E7}.Debug|Any CPU.ActiveCfg = Debug|Any CPU
		{CC01DEB3-F862-49A1-9EB5-50A4E52B82E7}.Debug|Any CPU.Build.0 = Debug|Any CPU
		{CC01DEB3-F862-49A1-9EB5-50A4E52B82E7}.Release|Any CPU.ActiveCfg = Release|Any CPU
		{CC01DEB3-F862-49A1-9EB5-50A4E52B82E7}.Release|Any CPU.Build.0 = Release|Any CPU
	EndGlobalSection
	GlobalSection(SolutionProperties) = preSolution
		HideSolutionNode = FALSE
	EndGlobalSection
EndGlobal
